// !$*UTF8*$!
{
	archiveVersion = 1;
	classes = {
	};
	objectVersion = 46;
	objects = {

/* Begin PBXBuildFile section */
		CE0EB6EE1DA7C53A00F4554F /* Button.swift in Sources */ = {isa = PBXBuildFile; fileRef = CE0EB6ED1DA7C53A00F4554F /* Button.swift */; };
		CE2CA4D81F2170D100E861DB /* Ball.swift in Sources */ = {isa = PBXBuildFile; fileRef = CE2CA4D71F2170D100E861DB /* Ball.swift */; };
		CE2DB33E1DDDFAA800F667F7 /* EcosTests.swift in Sources */ = {isa = PBXBuildFile; fileRef = CE2DB33D1DDDFAA800F667F7 /* EcosTests.swift */; };
		CE3BB84E1DBA991E001286EE /* Bathroom.swift in Sources */ = {isa = PBXBuildFile; fileRef = CE3BB84D1DBA991E001286EE /* Bathroom.swift */; };
		CE3BB8501DBAB588001286EE /* Dog.swift in Sources */ = {isa = PBXBuildFile; fileRef = CE3BB84F1DBAB588001286EE /* Dog.swift */; };
		CE3BB8521DBAC81E001286EE /* Tutorial.swift in Sources */ = {isa = PBXBuildFile; fileRef = CE3BB8511DBAC81E001286EE /* Tutorial.swift */; };
		CE740AC01DAE87EC00EB141D /* PreGameScene.swift in Sources */ = {isa = PBXBuildFile; fileRef = CE740ABF1DAE87EC00EB141D /* PreGameScene.swift */; };
		CE7D902B1DBD318100675764 /* PListManager.swift in Sources */ = {isa = PBXBuildFile; fileRef = CE7D902A1DBD318100675764 /* PListManager.swift */; };
		CE7D902D1DBD396800675764 /* CardList.plist in Resources */ = {isa = PBXBuildFile; fileRef = CE7D902C1DBD396800675764 /* CardList.plist */; };
		CE91C4F31DAD1B6B0070C38A /* MenuButton.swift in Sources */ = {isa = PBXBuildFile; fileRef = CE91C4F21DAD1B6B0070C38A /* MenuButton.swift */; };
		CE91C4FD1DAD2E5F0070C38A /* Ball.atlas in Resources */ = {isa = PBXBuildFile; fileRef = CE91C4F71DAD2E5F0070C38A /* Ball.atlas */; };
		CE91C4FE1DAD2E5F0070C38A /* Car.atlas in Resources */ = {isa = PBXBuildFile; fileRef = CE91C4F81DAD2E5F0070C38A /* Car.atlas */; };
		CE91C4FF1DAD2E5F0070C38A /* Dog.atlas in Resources */ = {isa = PBXBuildFile; fileRef = CE91C4F91DAD2E5F0070C38A /* Dog.atlas */; };
		CE91C5001DAD2E5F0070C38A /* Gloria.atlas in Resources */ = {isa = PBXBuildFile; fileRef = CE91C4FA1DAD2E5F0070C38A /* Gloria.atlas */; };
		CE91C5011DAD2E5F0070C38A /* Gloriosinho.atlas in Resources */ = {isa = PBXBuildFile; fileRef = CE91C4FB1DAD2E5F0070C38A /* Gloriosinho.atlas */; };
		CE91C5021DAD2E5F0070C38A /* WaterTaps.atlas in Resources */ = {isa = PBXBuildFile; fileRef = CE91C4FC1DAD2E5F0070C38A /* WaterTaps.atlas */; };
		CE91C5041DAD353F0070C38A /* InfoScene.swift in Sources */ = {isa = PBXBuildFile; fileRef = CE91C5031DAD353F0070C38A /* InfoScene.swift */; };
		CE91C5081DAD42410070C38A /* InfoLabel.swift in Sources */ = {isa = PBXBuildFile; fileRef = CE91C5071DAD42410070C38A /* InfoLabel.swift */; };
		CE94CCCC1DBC4A6900F3F4B4 /* LearnScene.swift in Sources */ = {isa = PBXBuildFile; fileRef = CE94CCCB1DBC4A6900F3F4B4 /* LearnScene.swift */; };
		CE94CCCE1DBC4DF100F3F4B4 /* Card.swift in Sources */ = {isa = PBXBuildFile; fileRef = CE94CCCD1DBC4DF100F3F4B4 /* Card.swift */; };
		CEA77CC51DAFF501005ECCC7 /* SpritePicker.swift in Sources */ = {isa = PBXBuildFile; fileRef = CEA77CC41DAFF501005ECCC7 /* SpritePicker.swift */; };
		CEA77CC71DAFFFD5005ECCC7 /* Player.swift in Sources */ = {isa = PBXBuildFile; fileRef = CEA77CC61DAFFFD5005ECCC7 /* Player.swift */; };
		CEA77CCA1DB002FF005ECCC7 /* TrashBag.swift in Sources */ = {isa = PBXBuildFile; fileRef = CEA77CC91DB002FF005ECCC7 /* TrashBag.swift */; };
		CEA77CCC1DB01EB7005ECCC7 /* Room.swift in Sources */ = {isa = PBXBuildFile; fileRef = CEA77CCB1DB01EB7005ECCC7 /* Room.swift */; };
		CEADC5F31DB99A1600EAAB18 /* Landscape.swift in Sources */ = {isa = PBXBuildFile; fileRef = CEADC5F21DB99A1600EAAB18 /* Landscape.swift */; };
		CEBE3C151DA698CC004F4937 /* AppDelegate.swift in Sources */ = {isa = PBXBuildFile; fileRef = CEBE3C141DA698CC004F4937 /* AppDelegate.swift */; };
		CEBE3C1B1DA698CC004F4937 /* GameScene.swift in Sources */ = {isa = PBXBuildFile; fileRef = CEBE3C1A1DA698CC004F4937 /* GameScene.swift */; };
		CEBE3C1D1DA698CC004F4937 /* GameViewController.swift in Sources */ = {isa = PBXBuildFile; fileRef = CEBE3C1C1DA698CC004F4937 /* GameViewController.swift */; };
		CEBE3C201DA698CC004F4937 /* Main.storyboard in Resources */ = {isa = PBXBuildFile; fileRef = CEBE3C1E1DA698CC004F4937 /* Main.storyboard */; };
		CEBE3C221DA698CC004F4937 /* Assets.xcassets in Resources */ = {isa = PBXBuildFile; fileRef = CEBE3C211DA698CC004F4937 /* Assets.xcassets */; };
		CEBE3C251DA698CC004F4937 /* LaunchScreen.storyboard in Resources */ = {isa = PBXBuildFile; fileRef = CEBE3C231DA698CC004F4937 /* LaunchScreen.storyboard */; };
		CEBE3C2D1DA69A32004F4937 /* FirstScene.swift in Sources */ = {isa = PBXBuildFile; fileRef = CEBE3C2C1DA69A32004F4937 /* FirstScene.swift */; };
		CEBE3C2F1DA69A91004F4937 /* Enums.swift in Sources */ = {isa = PBXBuildFile; fileRef = CEBE3C2E1DA69A91004F4937 /* Enums.swift */; };
		CECEDB991F1E346100723E5F /* Game.mp3 in Resources */ = {isa = PBXBuildFile; fileRef = CECEDB971F1E346100723E5F /* Game.mp3 */; };
		CECEDB9A1F1E346100723E5F /* Menu.mp3 in Resources */ = {isa = PBXBuildFile; fileRef = CECEDB981F1E346100723E5F /* Menu.mp3 */; };
		CECEDB9C1F1E4E4500723E5F /* ConfigScene.swift in Sources */ = {isa = PBXBuildFile; fileRef = CECEDB9B1F1E4E4500723E5F /* ConfigScene.swift */; };
		CECEDB9E1F1E533100723E5F /* CHUBBY.TTF in Resources */ = {isa = PBXBuildFile; fileRef = CECEDB9D1F1E533100723E5F /* CHUBBY.TTF */; };
		CED42DD41F1D0632007D17BE /* SoundManager.swift in Sources */ = {isa = PBXBuildFile; fileRef = CED42DD31F1D0632007D17BE /* SoundManager.swift */; };
		CEF35EB51F38AC46004CF9D4 /* CheckBox.swift in Sources */ = {isa = PBXBuildFile; fileRef = CEF35EB41F38AC46004CF9D4 /* CheckBox.swift */; };
/* End PBXBuildFile section */

/* Begin PBXContainerItemProxy section */
		CE2DB3401DDDFAA800F667F7 /* PBXContainerItemProxy */ = {
			isa = PBXContainerItemProxy;
			containerPortal = CEBE3C091DA698CC004F4937 /* Project object */;
			proxyType = 1;
			remoteGlobalIDString = CEBE3C101DA698CC004F4937;
			remoteInfo = Ecos;
		};
/* End PBXContainerItemProxy section */

/* Begin PBXFileReference section */
		CE0EB6ED1DA7C53A00F4554F /* Button.swift */ = {isa = PBXFileReference; fileEncoding = 4; lastKnownFileType = sourcecode.swift; path = Button.swift; sourceTree = "<group>"; };
		CE2CA4D71F2170D100E861DB /* Ball.swift */ = {isa = PBXFileReference; fileEncoding = 4; lastKnownFileType = sourcecode.swift; path = Ball.swift; sourceTree = "<group>"; };
		CE2DB33B1DDDFAA800F667F7 /* EcosTests.xctest */ = {isa = PBXFileReference; explicitFileType = wrapper.cfbundle; includeInIndex = 0; path = EcosTests.xctest; sourceTree = BUILT_PRODUCTS_DIR; };
		CE2DB33D1DDDFAA800F667F7 /* EcosTests.swift */ = {isa = PBXFileReference; lastKnownFileType = sourcecode.swift; path = EcosTests.swift; sourceTree = "<group>"; };
		CE2DB33F1DDDFAA800F667F7 /* Info.plist */ = {isa = PBXFileReference; lastKnownFileType = text.plist.xml; path = Info.plist; sourceTree = "<group>"; };
		CE3BB84D1DBA991E001286EE /* Bathroom.swift */ = {isa = PBXFileReference; fileEncoding = 4; lastKnownFileType = sourcecode.swift; path = Bathroom.swift; sourceTree = "<group>"; };
		CE3BB84F1DBAB588001286EE /* Dog.swift */ = {isa = PBXFileReference; fileEncoding = 4; lastKnownFileType = sourcecode.swift; path = Dog.swift; sourceTree = "<group>"; };
		CE3BB8511DBAC81E001286EE /* Tutorial.swift */ = {isa = PBXFileReference; fileEncoding = 4; lastKnownFileType = sourcecode.swift; path = Tutorial.swift; sourceTree = "<group>"; };
		CE740ABF1DAE87EC00EB141D /* PreGameScene.swift */ = {isa = PBXFileReference; fileEncoding = 4; lastKnownFileType = sourcecode.swift; path = PreGameScene.swift; sourceTree = "<group>"; };
		CE7D902A1DBD318100675764 /* PListManager.swift */ = {isa = PBXFileReference; fileEncoding = 4; lastKnownFileType = sourcecode.swift; path = PListManager.swift; sourceTree = "<group>"; };
		CE7D902C1DBD396800675764 /* CardList.plist */ = {isa = PBXFileReference; fileEncoding = 4; lastKnownFileType = text.plist.xml; path = CardList.plist; sourceTree = "<group>"; };
		CE91C4F21DAD1B6B0070C38A /* MenuButton.swift */ = {isa = PBXFileReference; fileEncoding = 4; lastKnownFileType = sourcecode.swift; path = MenuButton.swift; sourceTree = "<group>"; };
		CE91C4F71DAD2E5F0070C38A /* Ball.atlas */ = {isa = PBXFileReference; lastKnownFileType = folder.skatlas; path = Ball.atlas; sourceTree = "<group>"; };
		CE91C4F81DAD2E5F0070C38A /* Car.atlas */ = {isa = PBXFileReference; lastKnownFileType = folder.skatlas; path = Car.atlas; sourceTree = "<group>"; };
		CE91C4F91DAD2E5F0070C38A /* Dog.atlas */ = {isa = PBXFileReference; lastKnownFileType = folder.skatlas; path = Dog.atlas; sourceTree = "<group>"; };
		CE91C4FA1DAD2E5F0070C38A /* Gloria.atlas */ = {isa = PBXFileReference; lastKnownFileType = folder.skatlas; path = Gloria.atlas; sourceTree = "<group>"; };
		CE91C4FB1DAD2E5F0070C38A /* Gloriosinho.atlas */ = {isa = PBXFileReference; lastKnownFileType = folder.skatlas; path = Gloriosinho.atlas; sourceTree = "<group>"; };
		CE91C4FC1DAD2E5F0070C38A /* WaterTaps.atlas */ = {isa = PBXFileReference; lastKnownFileType = folder.skatlas; path = WaterTaps.atlas; sourceTree = "<group>"; };
		CE91C5031DAD353F0070C38A /* InfoScene.swift */ = {isa = PBXFileReference; fileEncoding = 4; lastKnownFileType = sourcecode.swift; path = InfoScene.swift; sourceTree = "<group>"; };
		CE91C5071DAD42410070C38A /* InfoLabel.swift */ = {isa = PBXFileReference; fileEncoding = 4; lastKnownFileType = sourcecode.swift; path = InfoLabel.swift; sourceTree = "<group>"; };
		CE94CCCB1DBC4A6900F3F4B4 /* LearnScene.swift */ = {isa = PBXFileReference; fileEncoding = 4; lastKnownFileType = sourcecode.swift; path = LearnScene.swift; sourceTree = "<group>"; };
		CE94CCCD1DBC4DF100F3F4B4 /* Card.swift */ = {isa = PBXFileReference; fileEncoding = 4; lastKnownFileType = sourcecode.swift; path = Card.swift; sourceTree = "<group>"; };
		CEA77CC41DAFF501005ECCC7 /* SpritePicker.swift */ = {isa = PBXFileReference; fileEncoding = 4; lastKnownFileType = sourcecode.swift; path = SpritePicker.swift; sourceTree = "<group>"; };
		CEA77CC61DAFFFD5005ECCC7 /* Player.swift */ = {isa = PBXFileReference; fileEncoding = 4; lastKnownFileType = sourcecode.swift; path = Player.swift; sourceTree = "<group>"; };
		CEA77CC91DB002FF005ECCC7 /* TrashBag.swift */ = {isa = PBXFileReference; fileEncoding = 4; lastKnownFileType = sourcecode.swift; path = TrashBag.swift; sourceTree = "<group>"; };
		CEA77CCB1DB01EB7005ECCC7 /* Room.swift */ = {isa = PBXFileReference; fileEncoding = 4; lastKnownFileType = sourcecode.swift; path = Room.swift; sourceTree = "<group>"; };
		CEADC5F21DB99A1600EAAB18 /* Landscape.swift */ = {isa = PBXFileReference; fileEncoding = 4; lastKnownFileType = sourcecode.swift; path = Landscape.swift; sourceTree = "<group>"; };
		CEBE3C111DA698CC004F4937 /* Ecos.app */ = {isa = PBXFileReference; explicitFileType = wrapper.application; includeInIndex = 0; path = Ecos.app; sourceTree = BUILT_PRODUCTS_DIR; };
		CEBE3C141DA698CC004F4937 /* AppDelegate.swift */ = {isa = PBXFileReference; lastKnownFileType = sourcecode.swift; path = AppDelegate.swift; sourceTree = "<group>"; };
		CEBE3C1A1DA698CC004F4937 /* GameScene.swift */ = {isa = PBXFileReference; lastKnownFileType = sourcecode.swift; path = GameScene.swift; sourceTree = "<group>"; };
		CEBE3C1C1DA698CC004F4937 /* GameViewController.swift */ = {isa = PBXFileReference; lastKnownFileType = sourcecode.swift; path = GameViewController.swift; sourceTree = "<group>"; };
		CEBE3C1F1DA698CC004F4937 /* Base */ = {isa = PBXFileReference; lastKnownFileType = file.storyboard; name = Base; path = Base.lproj/Main.storyboard; sourceTree = "<group>"; };
		CEBE3C211DA698CC004F4937 /* Assets.xcassets */ = {isa = PBXFileReference; lastKnownFileType = folder.assetcatalog; path = Assets.xcassets; sourceTree = "<group>"; };
		CEBE3C241DA698CC004F4937 /* Base */ = {isa = PBXFileReference; lastKnownFileType = file.storyboard; name = Base; path = Base.lproj/LaunchScreen.storyboard; sourceTree = "<group>"; };
		CEBE3C261DA698CC004F4937 /* Info.plist */ = {isa = PBXFileReference; lastKnownFileType = text.plist.xml; path = Info.plist; sourceTree = "<group>"; };
		CEBE3C2C1DA69A32004F4937 /* FirstScene.swift */ = {isa = PBXFileReference; fileEncoding = 4; lastKnownFileType = sourcecode.swift; path = FirstScene.swift; sourceTree = "<group>"; };
		CEBE3C2E1DA69A91004F4937 /* Enums.swift */ = {isa = PBXFileReference; fileEncoding = 4; lastKnownFileType = sourcecode.swift; path = Enums.swift; sourceTree = "<group>"; };
		CECEDB971F1E346100723E5F /* Game.mp3 */ = {isa = PBXFileReference; lastKnownFileType = audio.mp3; path = Game.mp3; sourceTree = "<group>"; };
		CECEDB981F1E346100723E5F /* Menu.mp3 */ = {isa = PBXFileReference; lastKnownFileType = audio.mp3; path = Menu.mp3; sourceTree = "<group>"; };
		CECEDB9B1F1E4E4500723E5F /* ConfigScene.swift */ = {isa = PBXFileReference; fileEncoding = 4; lastKnownFileType = sourcecode.swift; path = ConfigScene.swift; sourceTree = "<group>"; };
		CECEDB9D1F1E533100723E5F /* CHUBBY.TTF */ = {isa = PBXFileReference; lastKnownFileType = file; path = CHUBBY.TTF; sourceTree = "<group>"; };
		CED42DD31F1D0632007D17BE /* SoundManager.swift */ = {isa = PBXFileReference; fileEncoding = 4; lastKnownFileType = sourcecode.swift; path = SoundManager.swift; sourceTree = "<group>"; };
		CEF35EB41F38AC46004CF9D4 /* CheckBox.swift */ = {isa = PBXFileReference; fileEncoding = 4; lastKnownFileType = sourcecode.swift; path = CheckBox.swift; sourceTree = "<group>"; };
/* End PBXFileReference section */

/* Begin PBXFrameworksBuildPhase section */
		CE2DB3381DDDFAA800F667F7 /* Frameworks */ = {
			isa = PBXFrameworksBuildPhase;
			buildActionMask = 2147483647;
			files = (
			);
			runOnlyForDeploymentPostprocessing = 0;
		};
		CEBE3C0E1DA698CC004F4937 /* Frameworks */ = {
			isa = PBXFrameworksBuildPhase;
			buildActionMask = 2147483647;
			files = (
			);
			runOnlyForDeploymentPostprocessing = 0;
		};
/* End PBXFrameworksBuildPhase section */

/* Begin PBXGroup section */
		CE2DB33C1DDDFAA800F667F7 /* EcosTests */ = {
			isa = PBXGroup;
			children = (
				CE2DB33D1DDDFAA800F667F7 /* EcosTests.swift */,
				CE2DB33F1DDDFAA800F667F7 /* Info.plist */,
			);
			path = EcosTests;
			sourceTree = "<group>";
		};
		CE7E30281DB6878B00E83A43 /* Others */ = {
			isa = PBXGroup;
			children = (
				CEBE3C211DA698CC004F4937 /* Assets.xcassets */,
				CEBE3C141DA698CC004F4937 /* AppDelegate.swift */,
				CEBE3C1C1DA698CC004F4937 /* GameViewController.swift */,
				CEBE3C1E1DA698CC004F4937 /* Main.storyboard */,
				CEBE3C231DA698CC004F4937 /* LaunchScreen.storyboard */,
				CECEDB9D1F1E533100723E5F /* CHUBBY.TTF */,
				CEBE3C261DA698CC004F4937 /* Info.plist */,
				CE7D902C1DBD396800675764 /* CardList.plist */,
			);
			name = Others;
			sourceTree = "<group>";
		};
		CE91C4F01DAD1AA80070C38A /* Scenes */ = {
			isa = PBXGroup;
			children = (
				CEBE3C1A1DA698CC004F4937 /* GameScene.swift */,
				CEBE3C2C1DA69A32004F4937 /* FirstScene.swift */,
				CE91C5031DAD353F0070C38A /* InfoScene.swift */,
				CE740ABF1DAE87EC00EB141D /* PreGameScene.swift */,
				CE94CCCB1DBC4A6900F3F4B4 /* LearnScene.swift */,
				CECEDB9B1F1E4E4500723E5F /* ConfigScene.swift */,
			);
			name = Scenes;
			sourceTree = "<group>";
		};
		CE91C4F11DAD1AC40070C38A /* Util */ = {
			isa = PBXGroup;
			children = (
				CEBE3C2E1DA69A91004F4937 /* Enums.swift */,
				CE0EB6ED1DA7C53A00F4554F /* Button.swift */,
				CE91C4F21DAD1B6B0070C38A /* MenuButton.swift */,
				CE91C5071DAD42410070C38A /* InfoLabel.swift */,
				CEA77CC41DAFF501005ECCC7 /* SpritePicker.swift */,
				CE94CCCD1DBC4DF100F3F4B4 /* Card.swift */,
				CE7D902A1DBD318100675764 /* PListManager.swift */,
				CED42DD31F1D0632007D17BE /* SoundManager.swift */,
				CEF35EB41F38AC46004CF9D4 /* CheckBox.swift */,
			);
			name = Util;
			sourceTree = "<group>";
		};
		CE91C4F61DAD2E490070C38A /* Atlas */ = {
			isa = PBXGroup;
			children = (
				CE91C4F71DAD2E5F0070C38A /* Ball.atlas */,
				CE91C4F81DAD2E5F0070C38A /* Car.atlas */,
				CE91C4F91DAD2E5F0070C38A /* Dog.atlas */,
				CE91C4FA1DAD2E5F0070C38A /* Gloria.atlas */,
				CE91C4FB1DAD2E5F0070C38A /* Gloriosinho.atlas */,
				CE91C4FC1DAD2E5F0070C38A /* WaterTaps.atlas */,
			);
			name = Atlas;
			sourceTree = "<group>";
		};
		CEA77CC81DB002D6005ECCC7 /* Game Classes */ = {
			isa = PBXGroup;
			children = (
				CEA77CC61DAFFFD5005ECCC7 /* Player.swift */,
				CEA77CC91DB002FF005ECCC7 /* TrashBag.swift */,
				CEA77CCB1DB01EB7005ECCC7 /* Room.swift */,
				CE3BB84D1DBA991E001286EE /* Bathroom.swift */,
				CEADC5F21DB99A1600EAAB18 /* Landscape.swift */,
				CE3BB84F1DBAB588001286EE /* Dog.swift */,
				CE3BB8511DBAC81E001286EE /* Tutorial.swift */,
				CE2CA4D71F2170D100E861DB /* Ball.swift */,
			);
			name = "Game Classes";
			sourceTree = "<group>";
		};
		CEBE3C081DA698CC004F4937 = {
			isa = PBXGroup;
			children = (
				CEBE3C131DA698CC004F4937 /* Ecos */,
				CE2DB33C1DDDFAA800F667F7 /* EcosTests */,
				CEBE3C121DA698CC004F4937 /* Products */,
			);
			sourceTree = "<group>";
		};
		CEBE3C121DA698CC004F4937 /* Products */ = {
			isa = PBXGroup;
			children = (
				CEBE3C111DA698CC004F4937 /* Ecos.app */,
				CE2DB33B1DDDFAA800F667F7 /* EcosTests.xctest */,
			);
			name = Products;
			sourceTree = "<group>";
		};
		CEBE3C131DA698CC004F4937 /* Ecos */ = {
			isa = PBXGroup;
			children = (
				CED42DD51F1D07AF007D17BE /* Sounds */,
				CEA77CC81DB002D6005ECCC7 /* Game Classes */,
				CE91C4F61DAD2E490070C38A /* Atlas */,
				CE91C4F11DAD1AC40070C38A /* Util */,
				CE91C4F01DAD1AA80070C38A /* Scenes */,
				CE7E30281DB6878B00E83A43 /* Others */,
			);
			path = Ecos;
			sourceTree = "<group>";
		};
		CED42DD51F1D07AF007D17BE /* Sounds */ = {
			isa = PBXGroup;
			children = (
				CECEDB971F1E346100723E5F /* Game.mp3 */,
				CECEDB981F1E346100723E5F /* Menu.mp3 */,
			);
			name = Sounds;
			sourceTree = "<group>";
		};
/* End PBXGroup section */

/* Begin PBXNativeTarget section */
		CE2DB33A1DDDFAA800F667F7 /* EcosTests */ = {
			isa = PBXNativeTarget;
			buildConfigurationList = CE2DB3441DDDFAA800F667F7 /* Build configuration list for PBXNativeTarget "EcosTests" */;
			buildPhases = (
				CE2DB3371DDDFAA800F667F7 /* Sources */,
				CE2DB3381DDDFAA800F667F7 /* Frameworks */,
				CE2DB3391DDDFAA800F667F7 /* Resources */,
			);
			buildRules = (
			);
			dependencies = (
				CE2DB3411DDDFAA800F667F7 /* PBXTargetDependency */,
			);
			name = EcosTests;
			productName = EcosTests;
			productReference = CE2DB33B1DDDFAA800F667F7 /* EcosTests.xctest */;
			productType = "com.apple.product-type.bundle.unit-test";
		};
		CEBE3C101DA698CC004F4937 /* Ecos */ = {
			isa = PBXNativeTarget;
			buildConfigurationList = CEBE3C291DA698CC004F4937 /* Build configuration list for PBXNativeTarget "Ecos" */;
			buildPhases = (
				CEBE3C0D1DA698CC004F4937 /* Sources */,
				CEBE3C0E1DA698CC004F4937 /* Frameworks */,
				CEBE3C0F1DA698CC004F4937 /* Resources */,
			);
			buildRules = (
			);
			dependencies = (
			);
			name = Ecos;
			productName = Ecos;
			productReference = CEBE3C111DA698CC004F4937 /* Ecos.app */;
			productType = "com.apple.product-type.application";
		};
/* End PBXNativeTarget section */

/* Begin PBXProject section */
		CEBE3C091DA698CC004F4937 /* Project object */ = {
			isa = PBXProject;
			attributes = {
				LastSwiftUpdateCheck = 0810;
				LastUpgradeCheck = 0830;
				ORGANIZATIONNAME = "Edvaldo Junior";
				TargetAttributes = {
					CE2DB33A1DDDFAA800F667F7 = {
						CreatedOnToolsVersion = 8.1;
						DevelopmentTeam = CWK5G6U242;
						ProvisioningStyle = Automatic;
						TestTargetID = CEBE3C101DA698CC004F4937;
					};
					CEBE3C101DA698CC004F4937 = {
						CreatedOnToolsVersion = 8.0;
						DevelopmentTeam = CWK5G6U242;
						ProvisioningStyle = Automatic;
					};
				};
			};
			buildConfigurationList = CEBE3C0C1DA698CC004F4937 /* Build configuration list for PBXProject "Ecos" */;
			compatibilityVersion = "Xcode 3.2";
			developmentRegion = English;
			hasScannedForEncodings = 0;
			knownRegions = (
				en,
				Base,
			);
			mainGroup = CEBE3C081DA698CC004F4937;
			productRefGroup = CEBE3C121DA698CC004F4937 /* Products */;
			projectDirPath = "";
			projectRoot = "";
			targets = (
				CEBE3C101DA698CC004F4937 /* Ecos */,
				CE2DB33A1DDDFAA800F667F7 /* EcosTests */,
			);
		};
/* End PBXProject section */

/* Begin PBXResourcesBuildPhase section */
		CE2DB3391DDDFAA800F667F7 /* Resources */ = {
			isa = PBXResourcesBuildPhase;
			buildActionMask = 2147483647;
			files = (
			);
			runOnlyForDeploymentPostprocessing = 0;
		};
		CEBE3C0F1DA698CC004F4937 /* Resources */ = {
			isa = PBXResourcesBuildPhase;
			buildActionMask = 2147483647;
			files = (
				CECEDB991F1E346100723E5F /* Game.mp3 in Resources */,
				CEBE3C201DA698CC004F4937 /* Main.storyboard in Resources */,
				CE91C4FE1DAD2E5F0070C38A /* Car.atlas in Resources */,
				CEBE3C221DA698CC004F4937 /* Assets.xcassets in Resources */,
				CECEDB9E1F1E533100723E5F /* CHUBBY.TTF in Resources */,
				CECEDB9A1F1E346100723E5F /* Menu.mp3 in Resources */,
				CE91C5011DAD2E5F0070C38A /* Gloriosinho.atlas in Resources */,
				CE91C4FF1DAD2E5F0070C38A /* Dog.atlas in Resources */,
				CE7D902D1DBD396800675764 /* CardList.plist in Resources */,
				CE91C4FD1DAD2E5F0070C38A /* Ball.atlas in Resources */,
				CEBE3C251DA698CC004F4937 /* LaunchScreen.storyboard in Resources */,
				CE91C5021DAD2E5F0070C38A /* WaterTaps.atlas in Resources */,
				CE91C5001DAD2E5F0070C38A /* Gloria.atlas in Resources */,
			);
			runOnlyForDeploymentPostprocessing = 0;
		};
/* End PBXResourcesBuildPhase section */

/* Begin PBXSourcesBuildPhase section */
		CE2DB3371DDDFAA800F667F7 /* Sources */ = {
			isa = PBXSourcesBuildPhase;
			buildActionMask = 2147483647;
			files = (
				CE2DB33E1DDDFAA800F667F7 /* EcosTests.swift in Sources */,
			);
			runOnlyForDeploymentPostprocessing = 0;
		};
		CEBE3C0D1DA698CC004F4937 /* Sources */ = {
			isa = PBXSourcesBuildPhase;
			buildActionMask = 2147483647;
			files = (
				CE2CA4D81F2170D100E861DB /* Ball.swift in Sources */,
				CE91C5081DAD42410070C38A /* InfoLabel.swift in Sources */,
				CE3BB8521DBAC81E001286EE /* Tutorial.swift in Sources */,
				CEBE3C1B1DA698CC004F4937 /* GameScene.swift in Sources */,
				CEF35EB51F38AC46004CF9D4 /* CheckBox.swift in Sources */,
				CEA77CCC1DB01EB7005ECCC7 /* Room.swift in Sources */,
				CE0EB6EE1DA7C53A00F4554F /* Button.swift in Sources */,
				CE91C4F31DAD1B6B0070C38A /* MenuButton.swift in Sources */,
				CE3BB84E1DBA991E001286EE /* Bathroom.swift in Sources */,
				CE94CCCE1DBC4DF100F3F4B4 /* Card.swift in Sources */,
				CEA77CC71DAFFFD5005ECCC7 /* Player.swift in Sources */,
				CED42DD41F1D0632007D17BE /* SoundManager.swift in Sources */,
				CEBE3C2D1DA69A32004F4937 /* FirstScene.swift in Sources */,
				CE91C5041DAD353F0070C38A /* InfoScene.swift in Sources */,
				CE3BB8501DBAB588001286EE /* Dog.swift in Sources */,
				CE740AC01DAE87EC00EB141D /* PreGameScene.swift in Sources */,
				CEBE3C2F1DA69A91004F4937 /* Enums.swift in Sources */,
				CEADC5F31DB99A1600EAAB18 /* Landscape.swift in Sources */,
				CEBE3C1D1DA698CC004F4937 /* GameViewController.swift in Sources */,
				CEA77CCA1DB002FF005ECCC7 /* TrashBag.swift in Sources */,
				CE94CCCC1DBC4A6900F3F4B4 /* LearnScene.swift in Sources */,
				CEBE3C151DA698CC004F4937 /* AppDelegate.swift in Sources */,
				CE7D902B1DBD318100675764 /* PListManager.swift in Sources */,
				CEA77CC51DAFF501005ECCC7 /* SpritePicker.swift in Sources */,
				CECEDB9C1F1E4E4500723E5F /* ConfigScene.swift in Sources */,
			);
			runOnlyForDeploymentPostprocessing = 0;
		};
/* End PBXSourcesBuildPhase section */

/* Begin PBXTargetDependency section */
		CE2DB3411DDDFAA800F667F7 /* PBXTargetDependency */ = {
			isa = PBXTargetDependency;
			target = CEBE3C101DA698CC004F4937 /* Ecos */;
			targetProxy = CE2DB3401DDDFAA800F667F7 /* PBXContainerItemProxy */;
		};
/* End PBXTargetDependency section */

/* Begin PBXVariantGroup section */
		CEBE3C1E1DA698CC004F4937 /* Main.storyboard */ = {
			isa = PBXVariantGroup;
			children = (
				CEBE3C1F1DA698CC004F4937 /* Base */,
			);
			name = Main.storyboard;
			sourceTree = "<group>";
		};
		CEBE3C231DA698CC004F4937 /* LaunchScreen.storyboard */ = {
			isa = PBXVariantGroup;
			children = (
				CEBE3C241DA698CC004F4937 /* Base */,
			);
			name = LaunchScreen.storyboard;
			sourceTree = "<group>";
		};
/* End PBXVariantGroup section */

/* Begin XCBuildConfiguration section */
		CE2DB3421DDDFAA800F667F7 /* Debug */ = {
			isa = XCBuildConfiguration;
			buildSettings = {
				BUNDLE_LOADER = "$(TEST_HOST)";
				DEVELOPMENT_TEAM = CWK5G6U242;
				INFOPLIST_FILE = EcosTests/Info.plist;
				IPHONEOS_DEPLOYMENT_TARGET = 10.1;
				LD_RUNPATH_SEARCH_PATHS = "$(inherited) @executable_path/Frameworks @loader_path/Frameworks";
				PRODUCT_BUNDLE_IDENTIFIER = "Edvaldo-Junior.EcosTests";
				PRODUCT_NAME = "$(TARGET_NAME)";
				SWIFT_VERSION = 3.0;
				TEST_HOST = "$(BUILT_PRODUCTS_DIR)/Ecos.app/Ecos";
			};
			name = Debug;
		};
		CE2DB3431DDDFAA800F667F7 /* Release */ = {
			isa = XCBuildConfiguration;
			buildSettings = {
				BUNDLE_LOADER = "$(TEST_HOST)";
				DEVELOPMENT_TEAM = CWK5G6U242;
				INFOPLIST_FILE = EcosTests/Info.plist;
				IPHONEOS_DEPLOYMENT_TARGET = 10.1;
				LD_RUNPATH_SEARCH_PATHS = "$(inherited) @executable_path/Frameworks @loader_path/Frameworks";
				PRODUCT_BUNDLE_IDENTIFIER = "Edvaldo-Junior.EcosTests";
				PRODUCT_NAME = "$(TARGET_NAME)";
				SWIFT_VERSION = 3.0;
				TEST_HOST = "$(BUILT_PRODUCTS_DIR)/Ecos.app/Ecos";
			};
			name = Release;
		};
		CEBE3C271DA698CC004F4937 /* Debug */ = {
			isa = XCBuildConfiguration;
			buildSettings = {
				ALWAYS_SEARCH_USER_PATHS = NO;
				CLANG_ANALYZER_NONNULL = YES;
				CLANG_CXX_LANGUAGE_STANDARD = "gnu++0x";
				CLANG_CXX_LIBRARY = "libc++";
				CLANG_ENABLE_MODULES = YES;
				CLANG_ENABLE_OBJC_ARC = YES;
				CLANG_WARN_BOOL_CONVERSION = YES;
				CLANG_WARN_CONSTANT_CONVERSION = YES;
				CLANG_WARN_DIRECT_OBJC_ISA_USAGE = YES_ERROR;
				CLANG_WARN_DOCUMENTATION_COMMENTS = YES;
				CLANG_WARN_EMPTY_BODY = YES;
				CLANG_WARN_ENUM_CONVERSION = YES;
				CLANG_WARN_INFINITE_RECURSION = YES;
				CLANG_WARN_INT_CONVERSION = YES;
				CLANG_WARN_OBJC_ROOT_CLASS = YES_ERROR;
				CLANG_WARN_SUSPICIOUS_MOVE = YES;
				CLANG_WARN_SUSPICIOUS_MOVES = YES;
				CLANG_WARN_UNREACHABLE_CODE = YES;
				CLANG_WARN__DUPLICATE_METHOD_MATCH = YES;
				"CODE_SIGN_IDENTITY[sdk=iphoneos*]" = "iPhone Developer";
				COPY_PHASE_STRIP = NO;
				DEBUG_INFORMATION_FORMAT = dwarf;
				ENABLE_STRICT_OBJC_MSGSEND = YES;
				ENABLE_TESTABILITY = YES;
				GCC_C_LANGUAGE_STANDARD = gnu99;
				GCC_DYNAMIC_NO_PIC = NO;
				GCC_NO_COMMON_BLOCKS = YES;
				GCC_OPTIMIZATION_LEVEL = 0;
				GCC_PREPROCESSOR_DEFINITIONS = (
					"DEBUG=1",
					"$(inherited)",
				);
				GCC_WARN_64_TO_32_BIT_CONVERSION = YES;
				GCC_WARN_ABOUT_RETURN_TYPE = YES_ERROR;
				GCC_WARN_UNDECLARED_SELECTOR = YES;
				GCC_WARN_UNINITIALIZED_AUTOS = YES_AGGRESSIVE;
				GCC_WARN_UNUSED_FUNCTION = YES;
				GCC_WARN_UNUSED_VARIABLE = YES;
				IPHONEOS_DEPLOYMENT_TARGET = 10.0;
				MTL_ENABLE_DEBUG_INFO = YES;
				ONLY_ACTIVE_ARCH = YES;
				SDKROOT = iphoneos;
				SWIFT_ACTIVE_COMPILATION_CONDITIONS = DEBUG;
				SWIFT_OPTIMIZATION_LEVEL = "-Onone";
			};
			name = Debug;
		};
		CEBE3C281DA698CC004F4937 /* Release */ = {
			isa = XCBuildConfiguration;
			buildSettings = {
				ALWAYS_SEARCH_USER_PATHS = NO;
				CLANG_ANALYZER_NONNULL = YES;
				CLANG_CXX_LANGUAGE_STANDARD = "gnu++0x";
				CLANG_CXX_LIBRARY = "libc++";
				CLANG_ENABLE_MODULES = YES;
				CLANG_ENABLE_OBJC_ARC = YES;
				CLANG_WARN_BOOL_CONVERSION = YES;
				CLANG_WARN_CONSTANT_CONVERSION = YES;
				CLANG_WARN_DIRECT_OBJC_ISA_USAGE = YES_ERROR;
				CLANG_WARN_DOCUMENTATION_COMMENTS = YES;
				CLANG_WARN_EMPTY_BODY = YES;
				CLANG_WARN_ENUM_CONVERSION = YES;
				CLANG_WARN_INFINITE_RECURSION = YES;
				CLANG_WARN_INT_CONVERSION = YES;
				CLANG_WARN_OBJC_ROOT_CLASS = YES_ERROR;
				CLANG_WARN_SUSPICIOUS_MOVE = YES;
				CLANG_WARN_SUSPICIOUS_MOVES = YES;
				CLANG_WARN_UNREACHABLE_CODE = YES;
				CLANG_WARN__DUPLICATE_METHOD_MATCH = YES;
				"CODE_SIGN_IDENTITY[sdk=iphoneos*]" = "iPhone Developer";
				COPY_PHASE_STRIP = NO;
				DEBUG_INFORMATION_FORMAT = "dwarf-with-dsym";
				ENABLE_NS_ASSERTIONS = NO;
				ENABLE_STRICT_OBJC_MSGSEND = YES;
				GCC_C_LANGUAGE_STANDARD = gnu99;
				GCC_NO_COMMON_BLOCKS = YES;
				GCC_WARN_64_TO_32_BIT_CONVERSION = YES;
				GCC_WARN_ABOUT_RETURN_TYPE = YES_ERROR;
				GCC_WARN_UNDECLARED_SELECTOR = YES;
				GCC_WARN_UNINITIALIZED_AUTOS = YES_AGGRESSIVE;
				GCC_WARN_UNUSED_FUNCTION = YES;
				GCC_WARN_UNUSED_VARIABLE = YES;
				IPHONEOS_DEPLOYMENT_TARGET = 10.0;
				MTL_ENABLE_DEBUG_INFO = NO;
				SDKROOT = iphoneos;
				SWIFT_OPTIMIZATION_LEVEL = "-Owholemodule";
				VALIDATE_PRODUCT = YES;
			};
			name = Release;
		};
		CEBE3C2A1DA698CC004F4937 /* Debug */ = {
			isa = XCBuildConfiguration;
			buildSettings = {
				ASSETCATALOG_COMPILER_APPICON_NAME = AppIcon;
				DEVELOPMENT_TEAM = CWK5G6U242;
				INFOPLIST_FILE = Ecos/Info.plist;
				LD_RUNPATH_SEARCH_PATHS = "$(inherited) @executable_path/Frameworks";
				PRODUCT_BUNDLE_IDENTIFIER = "Edvaldo-Junior.Ecos";
				PRODUCT_NAME = "$(TARGET_NAME)";
				SWIFT_VERSION = 3.0;
			};
			name = Debug;
		};
		CEBE3C2B1DA698CC004F4937 /* Release */ = {
			isa = XCBuildConfiguration;
			buildSettings = {
				ASSETCATALOG_COMPILER_APPICON_NAME = AppIcon;
				DEVELOPMENT_TEAM = CWK5G6U242;
				INFOPLIST_FILE = Ecos/Info.plist;
				LD_RUNPATH_SEARCH_PATHS = "$(inherited) @executable_path/Frameworks";
				PRODUCT_BUNDLE_IDENTIFIER = "Edvaldo-Junior.Ecos";
				PRODUCT_NAME = "$(TARGET_NAME)";
				SWIFT_VERSION = 3.0;
			};
			name = Release;
		};
/* End XCBuildConfiguration section */

/* Begin XCConfigurationList section */
		CE2DB3441DDDFAA800F667F7 /* Build configuration list for PBXNativeTarget "EcosTests" */ = {
			isa = XCConfigurationList;
			buildConfigurations = (
				CE2DB3421DDDFAA800F667F7 /* Debug */,
				CE2DB3431DDDFAA800F667F7 /* Release */,
			);
			defaultConfigurationIsVisible = 0;
			defaultConfigurationName = Release;
		};
		CEBE3C0C1DA698CC004F4937 /* Build configuration list for PBXProject "Ecos" */ = {
			isa = XCConfigurationList;
			buildConfigurations = (
				CEBE3C271DA698CC004F4937 /* Debug */,
				CEBE3C281DA698CC004F4937 /* Release */,
			);
			defaultConfigurationIsVisible = 0;
			defaultConfigurationName = Release;
		};
		CEBE3C291DA698CC004F4937 /* Build configuration list for PBXNativeTarget "Ecos" */ = {
			isa = XCConfigurationList;
			buildConfigurations = (
				CEBE3C2A1DA698CC004F4937 /* Debug */,
				CEBE3C2B1DA698CC004F4937 /* Release */,
			);
			defaultConfigurationIsVisible = 0;
			defaultConfigurationName = Release;
		};
/* End XCConfigurationList section */
	};
	rootObject = CEBE3C091DA698CC004F4937 /* Project object */;
}
